// !$*UTF8*$!
{
	archiveVersion = 1;
	classes = {
	};
	objectVersion = 46;
	objects = {

/* Begin PBXBuildFile section */
		9F007FB01C17F91C00BB0503 /* AXImage.m in Sources */ = {isa = PBXBuildFile; fileRef = 9F007FAF1C17F91C00BB0503 /* AXImage.m */; };
		9F007FB31C18039100BB0503 /* AXUnusedImageFilter.m in Sources */ = {isa = PBXBuildFile; fileRef = 9F007FB21C18039100BB0503 /* AXUnusedImageFilter.m */; };
		9F617CAA1C16C6C500905FF4 /* main.m in Sources */ = {isa = PBXBuildFile; fileRef = 9F617CA91C16C6C500905FF4 /* main.m */; };
/* End PBXBuildFile section */

/* Begin PBXCopyFilesBuildPhase section */
		9F617CA41C16C6C500905FF4 /* CopyFiles */ = {
			isa = PBXCopyFilesBuildPhase;
			buildActionMask = 2147483647;
			dstPath = /usr/share/man/man1/;
			dstSubfolderSpec = 0;
			files = (
			);
			runOnlyForDeploymentPostprocessing = 1;
		};
/* End PBXCopyFilesBuildPhase section */

/* Begin PBXFileReference section */
		9F007FAE1C17F91C00BB0503 /* AXImage.h */ = {isa = PBXFileReference; fileEncoding = 4; lastKnownFileType = sourcecode.c.h; path = AXImage.h; sourceTree = "<group>"; };
		9F007FAF1C17F91C00BB0503 /* AXImage.m */ = {isa = PBXFileReference; fileEncoding = 4; lastKnownFileType = sourcecode.c.objc; path = AXImage.m; sourceTree = "<group>"; };
		9F007FB11C18039100BB0503 /* AXUnusedImageFilter.h */ = {isa = PBXFileReference; fileEncoding = 4; lastKnownFileType = sourcecode.c.h; path = AXUnusedImageFilter.h; sourceTree = "<group>"; };
		9F007FB21C18039100BB0503 /* AXUnusedImageFilter.m */ = {isa = PBXFileReference; fileEncoding = 4; lastKnownFileType = sourcecode.c.objc; path = AXUnusedImageFilter.m; sourceTree = "<group>"; };
		9F617CA61C16C6C500905FF4 /* FilterImage */ = {isa = PBXFileReference; explicitFileType = "compiled.mach-o.executable"; includeInIndex = 0; path = FilterImage; sourceTree = BUILT_PRODUCTS_DIR; };
		9F617CA91C16C6C500905FF4 /* main.m */ = {isa = PBXFileReference; lastKnownFileType = sourcecode.c.objc; path = main.m; sourceTree = "<group>"; };
/* End PBXFileReference section */

/* Begin PBXFrameworksBuildPhase section */
		9F617CA31C16C6C500905FF4 /* Frameworks */ = {
			isa = PBXFrameworksBuildPhase;
			buildActionMask = 2147483647;
			files = (
			);
			runOnlyForDeploymentPostprocessing = 0;
		};
/* End PBXFrameworksBuildPhase section */

/* Begin PBXGroup section */
		9F617C9D1C16C6C500905FF4 = {
			isa = PBXGroup;
			children = (
				9F617CA81C16C6C500905FF4 /* FilterImage */,
				9F617CA71C16C6C500905FF4 /* Products */,
			);
			sourceTree = "<group>";
		};
		9F617CA71C16C6C500905FF4 /* Products */ = {
			isa = PBXGroup;
			children = (
				9F617CA61C16C6C500905FF4 /* FilterImage */,
			);
			name = Products;
			sourceTree = "<group>";
		};
		9F617CA81C16C6C500905FF4 /* FilterImage */ = {
			isa = PBXGroup;
			children = (
				9F617CA91C16C6C500905FF4 /* main.m */,
				9F007FAE1C17F91C00BB0503 /* AXImage.h */,
				9F007FAF1C17F91C00BB0503 /* AXImage.m */,
				9F007FB11C18039100BB0503 /* AXUnusedImageFilter.h */,
				9F007FB21C18039100BB0503 /* AXUnusedImageFilter.m */,
			);
			path = FilterImage;
			sourceTree = "<group>";
		};
/* End PBXGroup section */

/* Begin PBXNativeTarget section */
		9F617CA51C16C6C500905FF4 /* FilterImage */ = {
			isa = PBXNativeTarget;
			buildConfigurationList = 9F617CAD1C16C6C500905FF4 /* Build configuration list for PBXNativeTarget "FilterImage" */;
			buildPhases = (
				9F617CA21C16C6C500905FF4 /* Sources */,
				9F617CA31C16C6C500905FF4 /* Frameworks */,
				9F617CA41C16C6C500905FF4 /* CopyFiles */,
			);
			buildRules = (
			);
			dependencies = (
			);
			name = FilterImage;
			productName = FilterImage;
			productReference = 9F617CA61C16C6C500905FF4 /* FilterImage */;
			productType = "com.apple.product-type.tool";
		};
/* End PBXNativeTarget section */

/* Begin PBXProject section */
		9F617C9E1C16C6C500905FF4 /* Project object */ = {
			isa = PBXProject;
			attributes = {
				LastUpgradeCheck = 0710;
				ORGANIZATIONNAME = Allen;
				TargetAttributes = {
					9F617CA51C16C6C500905FF4 = {
						CreatedOnToolsVersion = 7.1;
					};
				};
			};
			buildConfigurationList = 9F617CA11C16C6C500905FF4 /* Build configuration list for PBXProject "FilterImage" */;
			compatibilityVersion = "Xcode 3.2";
			developmentRegion = English;
			hasScannedForEncodings = 0;
			knownRegions = (
				en,
			);
			mainGroup = 9F617C9D1C16C6C500905FF4;
			productRefGroup = 9F617CA71C16C6C500905FF4 /* Products */;
			projectDirPath = "";
			projectRoot = "";
			targets = (
				9F617CA51C16C6C500905FF4 /* FilterImage */,
			);
		};
/* End PBXProject section */

/* Begin PBXSourcesBuildPhase section */
		9F617CA21C16C6C500905FF4 /* Sources */ = {
			isa = PBXSourcesBuildPhase;
			buildActionMask = 2147483647;
			files = (
				9F007FB01C17F91C00BB0503 /* AXImage.m in Sources */,
				9F007FB31C18039100BB0503 /* AXUnusedImageFilter.m in Sources */,
				9F617CAA1C16C6C500905FF4 /* main.m in Sources */,
			);
			runOnlyForDeploymentPostprocessing = 0;
		};
/* End PBXSourcesBuildPhase section */

/* Begin XCBuildConfiguration section */
		9F617CAB1C16C6C500905FF4 /* Debug */ = {
			isa = XCBuildConfiguration;
			buildSettings = {
				ALWAYS_SEARCH_USER_PATHS = NO;
				CLANG_CXX_LANGUAGE_STANDARD = "gnu++0x";
				CLANG_CXX_LIBRARY = "libc++";
				CLANG_ENABLE_MODULES = YES;
				CLANG_ENABLE_OBJC_ARC = YES;
				CLANG_WARN_BOOL_CONVERSION = YES;
				CLANG_WARN_CONSTANT_CONVERSION = YES;
				CLANG_WARN_DIRECT_OBJC_ISA_USAGE = YES_ERROR;
				CLANG_WARN_EMPTY_BODY = YES;
				CLANG_WARN_ENUM_CONVERSION = YES;
				CLANG_WARN_INT_CONVERSION = YES;
				CLANG_WARN_OBJC_ROOT_CLASS = YES_ERROR;
				CLANG_WARN_UNREACHABLE_CODE = YES;
				CLANG_WARN__DUPLICATE_METHOD_MATCH = YES;
				CODE_SIGN_IDENTITY = "-";
				COPY_PHASE_STRIP = NO;
				DEBUG_INFORMATION_FORMAT = dwarf;
				ENABLE_STRICT_OBJC_MSGSEND = YES;
				ENABLE_TESTABILITY = YES;
				GCC_C_LANGUAGE_STANDARD = gnu99;
				GCC_DYNAMIC_NO_PIC = NO;
				GCC_NO_COMMON_BLOCKS = YES;
				GCC_OPTIMIZATION_LEVEL = 0;
				GCC_PREPROCESSOR_DEFINITIONS = (
					"DEBUG=1",
					"$(inherited)",
				);
				GCC_WARN_64_TO_32_BIT_CONVERSION = YES;
				GCC_WARN_ABOUT_RETURN_TYPE = YES_ERROR;
				GCC_WARN_UNDECLARED_SELECTOR = YES;
				GCC_WARN_UNINITIALIZED_AUTOS = YES_AGGRESSIVE;
				GCC_WARN_UNUSED_FUNCTION = YES;
				GCC_WARN_UNUSED_VARIABLE = YES;
				MACOSX_DEPLOYMENT_TARGET = 10.10;
				MTL_ENABLE_DEBUG_INFO = YES;
				ONLY_ACTIVE_ARCH = YES;
				SDKROOT = macosx;
			};
			name = Debug;
		};
		9F617CAC1C16C6C500905FF4 /* Release */ = {
			isa = XCBuildConfiguration;
			buildSettings = {
				ALWAYS_SEARCH_USER_PATHS = NO;
				CLANG_CXX_LANGUAGE_STANDARD = "gnu++0x";
				CLANG_CXX_LIBRARY = "libc++";
				CLANG_ENABLE_MODULES = YES;
				CLANG_ENABLE_OBJC_ARC = YES;
				CLANG_WARN_BOOL_CONVERSION = YES;
				CLANG_WARN_CONSTANT_CONVERSION = YES;
				CLANG_WARN_DIRECT_OBJC_ISA_USAGE = YES_ERROR;
				CLANG_WARN_EMPTY_BODY = YES;
				CLANG_WARN_ENUM_CONVERSION = YES;
				CLANG_WARN_INT_CONVERSION = YES;
				CLANG_WARN_OBJC_ROOT_CLASS = YES_ERROR;
				CLANG_WARN_UNREACHABLE_CODE = YES;
				CLANG_WARN__DUPLICATE_METHOD_MATCH = YES;
				CODE_SIGN_IDENTITY = "-";
				COPY_PHASE_STRIP = NO;
				DEBUG_INFORMATION_FORMAT = "dwarf-with-dsym";
				ENABLE_NS_ASSERTIONS = NO;
				ENABLE_STRICT_OBJC_MSGSEND = YES;
				GCC_C_LANGUAGE_STANDARD = gnu99;
				GCC_NO_COMMON_BLOCKS = YES;
				GCC_WARN_64_TO_32_BIT_CONVERSION = YES;
				GCC_WARN_ABOUT_RETURN_TYPE = YES_ERROR;
				GCC_WARN_UNDECLARED_SELECTOR = YES;
				GCC_WARN_UNINITIALIZED_AUTOS = YES_AGGRESSIVE;
				GCC_WARN_UNUSED_FUNCTION = YES;
				GCC_WARN_UNUSED_VARIABLE = YES;
				MACOSX_DEPLOYMENT_TARGET = 10.10;
				MTL_ENABLE_DEBUG_INFO = NO;
				SDKROOT = macosx;
			};
			name = Release;
		};
		9F617CAE1C16C6C500905FF4 /* Debug */ = {
			isa = XCBuildConfiguration;
			buildSettings = {
				PRODUCT_NAME = "$(TARGET_NAME)";
			};
			name = Debug;
		};
		9F617CAF1C16C6C500905FF4 /* Release */ = {
			isa = XCBuildConfiguration;
			buildSettings = {
				PRODUCT_NAME = "$(TARGET_NAME)";
			};
			name = Release;
		};
/* End XCBuildConfiguration section */

/* Begin XCConfigurationList section */
		9F617CA11C16C6C500905FF4 /* Build configuration list for PBXProject "FilterImage" */ = {
			isa = XCConfigurationList;
			buildConfigurations = (
				9F617CAB1C16C6C500905FF4 /* Debug */,
				9F617CAC1C16C6C500905FF4 /* Release */,
			);
			defaultConfigurationIsVisible = 0;
			defaultConfigurationName = Release;
		};
		9F617CAD1C16C6C500905FF4 /* Build configuration list for PBXNativeTarget "FilterImage" */ = {
			isa = XCConfigurationList;
			buildConfigurations = (
				9F617CAE1C16C6C500905FF4 /* Debug */,
				9F617CAF1C16C6C500905FF4 /* Release */,
			);
			defaultConfigurationIsVisible = 0;
			defaultConfigurationName = Release;
		};
/* End XCConfigurationList section */
	};
	rootObject = 9F617C9E1C16C6C500905FF4 /* Project object */;
}
